# This file is autogenerated, do not edit; changes may be undone by the next 'dep ensure'.


[[projects]]
  digest = "1:2b10b9a545074605403d32baf9dda24b7582976ba7e9b46c4c7b9da9edac03e7"
  name = "cloud.google.com/go"
  packages = ["civil"]
  pruneopts = ""
  revision = "aad3f485ee528456e0768f20397b4d9dd941e755"
  version = "v0.25.0"

[[projects]]
  digest = "1:8ec1618fc3ee146af104d6c13be250f25e5976e34557d4afbfe4b28035ce6c05"
  name = "github.com/Knetic/govaluate"
  packages = ["."]
  pruneopts = ""
  revision = "d216395917cc49052c7c7094cf57f09657ca08a8"
  version = "v3.0.0"

[[projects]]
  digest = "1:c9f42977c0e39efb6c73d2e04d057d38e22dfe0304dd2b4bdd0fa8e54b6506ec"
  name = "github.com/astaxie/beego"
  packages = [
    "session",
    "session/mysql",
    "utils",
  ]
  pruneopts = ""
  revision = "bf5c5626ab429e66d88602e1ab1ab5fbf4629a01"
  version = "v1.9.2"

[[projects]]
  branch = "master"
  digest = "1:f61a45178bd693964adb81ce602567ae8311a94c5013f0a0358c18e4693a5ce2"
  name = "github.com/bradfitz/gomemcache"
  packages = ["memcache"]
  pruneopts = ""
  revision = "7886924cd2b307eb286bd679327a834be7bc5579"

[[projects]]
  digest = "1:e04162bd6a6d4950541bae744c968108e14913b1cebccf29f7650b573f44adb3"
  name = "github.com/casbin/casbin"
  packages = [
    ".",
    "config",
    "effect",
    "model",
    "persist",
    "persist/file-adapter",
    "rbac",
    "rbac/default-role-manager",
    "util",
  ]
  pruneopts = ""
  revision = "d71629e497929858300c38cd442098c178121c30"
  version = "v1.5.0"

[[projects]]
  digest = "1:56c130d885a4aacae1dd9c7b71cfe39912c7ebc1ff7d2b46083c8812996dc43b"
  name = "github.com/davecgh/go-spew"
  packages = ["spew"]
  pruneopts = ""
  revision = "346938d642f2ec3594ed81d874461961cd0faa76"
  version = "v1.1.0"

[[projects]]
  branch = "master"
  digest = "1:59d26e030b4edadff17e264d382f0631eac378de47073c9aa0da2b73e243f682"
  name = "github.com/denisenkom/go-mssqldb"
  packages = [
    ".",
    "internal/cp",
  ]
  pruneopts = ""
  revision = "242fa5aa1b45aeb9fcdfeee88822982e3f548e22"

[[projects]]
  digest = "1:6098222470fe0172157ce9bbef5d2200df4edde17ee649c5d6e48330e4afa4c6"
  name = "github.com/dgrijalva/jwt-go"
  packages = ["."]
  pruneopts = ""
  revision = "06ea1031745cb8b3dab3f6a236daf2b0aa468b7e"
  version = "v3.2.0"

[[projects]]
  branch = "master"
  digest = "1:5c9ac24c6765f536b170b8f02eb96d0289a811dfc2a62f0725ca33b4bf89f6f9"
  name = "github.com/eahydra/gouuid"
  packages = ["."]
  pruneopts = ""
  revision = "0bb88536d776be9b54d7fce01ad6455ab0643dad"

[[projects]]
  branch = "master"
  digest = "1:358f9731027e87f8ae3a7e52f0473031be47d1e041295b3c0afc84dc779c0666"
  name = "github.com/erikstmartin/go-testdb"
  packages = ["."]
  pruneopts = ""
  revision = "8d10e4a1bae52cd8b81ffdec3445890d6dccab3d"

[[projects]]
  branch = "master"
  digest = "1:88b37f144a80737f9e5cd50c887c00c2f3c7211257f884b8b80ce97e61ed1ccb"
  name = "github.com/facebookgo/clock"
  packages = ["."]
  pruneopts = ""
  revision = "600d898af40aa09a7a93ecb9265d87b0504b6f03"

[[projects]]
  branch = "master"
  digest = "1:64983a2953a892b59fcb98217815ab2b7572cf64a7965ebcfca205f4a7f92c63"
  name = "github.com/facebookgo/ensure"
  packages = ["."]
  pruneopts = ""
  revision = "b4ab57deab51ee655ae4bd85281f0715a068016d"

[[projects]]
  branch = "master"
  digest = "1:e68375e79e34cc8f71d9117c6ba2a8221430a7a3e03305fce47556462b1c4870"
  name = "github.com/facebookgo/freeport"
  packages = ["."]
  pruneopts = ""
  revision = "d4adf43b75b9357dc7775f033e807a3411591522"

[[projects]]
  branch = "master"
  digest = "1:86105ba84bed3b619b6bd7c32070f375ac0e5a761589c5ac0b63ba5824310be2"
  name = "github.com/facebookgo/grace"
  packages = [
    "gracehttp",
    "gracenet",
  ]
  pruneopts = ""
  revision = "4afe952a37a495ae4ac0c1d4ce5f66e91058d149"

[[projects]]
  branch = "master"
  digest = "1:9faf5af7515d5b8782d73ef96f430e19f24617312618e9e038d983b2da5b2f21"
  name = "github.com/facebookgo/httpdown"
  packages = ["."]
  pruneopts = ""
  revision = "a3b1354551a26449fbe05f5d855937f6e7acbd71"

[[projects]]
  branch = "master"
  digest = "1:22ecdc3868d6f76bab8898ca594b846c7a23811f210bde19a056a4edbd778935"
  name = "github.com/facebookgo/stack"
  packages = ["."]
  pruneopts = ""
  revision = "751773369052141c013c6e827a71e8f35c07879c"

[[projects]]
  branch = "master"
  digest = "1:247e57ca43a89cd87cdc42194faba92ce28a4f11d171cbb4c1473ede7f297c0d"
  name = "github.com/facebookgo/stats"
  packages = ["."]
  pruneopts = ""
  revision = "1b76add642e42c6ffba7211ad7b3939ce654526e"

[[projects]]
  branch = "master"
  digest = "1:4113569be94c9f26ead78a24d761b2807801414951c1111759611b997c0e6b97"
  name = "github.com/facebookgo/subset"
  packages = ["."]
  pruneopts = ""
  revision = "8dac2c3c48703541e481feddf22975953d4ff842"

[[projects]]
  branch = "master"
  digest = "1:1120f960f5c334f0f94bad29eefaf73d52d226893369693686148f66c1993f15"
  name = "github.com/gin-contrib/sse"
  packages = ["."]
  pruneopts = ""
  revision = "22d885f9ecc78bf4ee5d72b937e4bbcdc58e8cae"

[[projects]]
  digest = "1:348ceb76f2ac958e541e4ba3190484b68df28c38ac9720ed4ef8d36af69ce52e"
  name = "github.com/gin-gonic/gin"
  packages = [
    ".",
    "binding",
    "render",
  ]
  pruneopts = ""
  revision = "d459835d2b077e44f7c9b453505ee29881d5d12d"
  version = "v1.2"

[[projects]]
  digest = "1:709292c015123a3bc69ea970dc9abd6667170e7fbf5cdeb10c6d14b250d3385f"
  name = "github.com/go-playground/locales"
  packages = [
    ".",
    "currency",
  ]
  pruneopts = ""
  revision = "f63010822830b6fe52288ee52d5a1151088ce039"
  version = "v0.12.1"

[[projects]]
  digest = "1:7ca0f6f2a364f603e843763d35c979b595d71159982791de27f9ec40d532876b"
  name = "github.com/go-playground/universal-translator"
  packages = ["."]
  pruneopts = ""
  revision = "b32fa301c9fe55953584134cb6853a13c87ec0a1"
  version = "v0.16.0"

[[projects]]
  digest = "1:c07de423ca37dc2765396d6971599ab652a339538084b9b58c9f7fc533b28525"
  name = "github.com/go-sql-driver/mysql"
  packages = ["."]
  pruneopts = ""
  revision = "d523deb1b23d913de5bdada721a6071e71283618"
  version = "v1.4.0"

[[projects]]
  digest = "1:f958a1c137db276e52f0b50efee41a1a389dcdded59a69711f3e872757dab34b"
  name = "github.com/golang/protobuf"
  packages = ["proto"]
  pruneopts = ""
  revision = "b4deda0973fb4c70b50d226b1af49f3da59f5265"
  version = "v1.1.0"

[[projects]]
  digest = "1:1893613079c78855e63a5feb990d038fb4067703644dc76d3467c836c76efb42"
  name = "github.com/hanguofeng/config"
  packages = ["."]
  pruneopts = ""
  revision = "c5ca128a1239305448f3a37c8753de5dda78b770"
  version = "v1.0.0"

[[projects]]
  branch = "master"
  digest = "1:9942e7cc1141cd8cffb62bffb021523a94edb864f55f4e1919e7fa8e767ef58c"
  name = "github.com/hanguofeng/freetype-go-mirror"
  packages = [
    "freetype",
    "freetype/raster",
    "freetype/truetype",
  ]
  pruneopts = ""
  revision = "cfb10e2cb6decf23c7a5c59f094e0ef5148083f5"

[[projects]]
  digest = "1:c42695d355732840c9f46a88c3ba16f51025e8ead34ad9fca9b1b43da68403f7"
  name = "github.com/hanguofeng/gocaptcha"
  packages = ["."]
  pruneopts = ""
  revision = "9042423ead587586408d0a4fddc18c0795928715"
  version = "v1.0.7"

[[projects]]
  digest = "1:53ac4e911e12dde0ab68655e2006449d207a5a681f084974da2b06e5dbeaca72"
  name = "github.com/json-iterator/go"
  packages = [
    ".",
    "extra",
  ]
  pruneopts = ""
  revision = "ab8a2e0c74be9d3be70b3184d9acc634935ded82"
  version = "1.1.4"

[[projects]]
  branch = "master"
  digest = "1:09792d732b079867772cdbabdf7dc54ef9f9d04c998a9ce6226657151fccbb94"
  name = "github.com/lib/pq"
  packages = [
    ".",
    "hstore",
    "oid",
  ]
  pruneopts = ""
  revision = "90697d60dd844d5ef6ff15135d0203f65d2f53b8"

[[projects]]
  digest = "1:9ea83adf8e96d6304f394d40436f2eb44c1dc3250d223b74088cc253a6cd0a1c"
  name = "github.com/mattn/go-colorable"
  packages = ["."]
  pruneopts = ""
  revision = "167de6bfdfba052fa6b2d3664c8f5272e23c9072"
  version = "v0.0.9"

[[projects]]
  digest = "1:78229b46ddb7434f881390029bd1af7661294af31f6802e0e1bedaad4ab0af3c"
  name = "github.com/mattn/go-isatty"
  packages = ["."]
  pruneopts = ""
  revision = "0360b2af4f38e8d38c7fce2a9f4e702702d73a39"
  version = "v0.0.3"

[[projects]]
  digest = "1:bc03901fc8f0965ccba8bc453eae21a9b04f95999eab664c7de6dc7290f4e8f4"
  name = "github.com/mattn/go-sqlite3"
  packages = ["."]
  pruneopts = ""
  revision = "25ecb14adfc7543176f7d85291ec7dba82c6f7e4"
  version = "v1.9.0"

[[projects]]
  branch = "master"
  digest = "1:50416da10e189bc201e122e20078fb8e680a439cbdd24aaece06c434b4415b60"
  name = "github.com/mgutz/ansi"
  packages = ["."]
  pruneopts = ""
  revision = "9520e82c474b0a04dd04f8a40959027271bab992"

[[projects]]
  branch = "master"
  digest = "1:eb9117392ee8e7aa44f78e0db603f70b1050ee0ebda4bd40040befb5b218c546"
  name = "github.com/mitchellh/mapstructure"
  packages = ["."]
  pruneopts = ""
  revision = "bb74f1db0675b241733089d5a1faa5dd8b0ef57b"

[[projects]]
  digest = "1:0c0ff2a89c1bb0d01887e1dac043ad7efbf3ec77482ef058ac423d13497e16fd"
  name = "github.com/modern-go/concurrent"
  packages = ["."]
  pruneopts = ""
  revision = "bacd9c7ef1dd9b15be4a9909b8ac7a4e313eec94"
  version = "1.0.3"

[[projects]]
  digest = "1:e32bdbdb7c377a07a9a46378290059822efdce5c8d96fe71940d87cb4f918855"
  name = "github.com/modern-go/reflect2"
  packages = ["."]
  pruneopts = ""
  revision = "4b7aa43c6742a2c18fdef89dd197aaae7dac7ccd"
  version = "1.0.1"

[[projects]]
  digest = "1:9fa4a4a684dfb36f3ba1b0a163225140e19e3219e5576d0761d02dbd4c31b743"
  name = "github.com/nicksnyder/go-i18n"
  packages = [
    "i18n",
    "i18n/bundle",
    "i18n/language",
    "i18n/translation",
  ]
  pruneopts = ""
  revision = "0dc1626d56435e9d605a29875701721c54bc9bbd"
  version = "v1.10.0"

[[projects]]
  digest = "1:1eece6e2aa8a8f94e0461483229f0c4b0555c17e76e0e7e6b8597c2093d269f8"
  name = "github.com/onsi/ginkgo"
  packages = [
    ".",
    "config",
    "internal/codelocation",
    "internal/containernode",
    "internal/failer",
    "internal/leafnodes",
    "internal/remote",
    "internal/spec",
    "internal/spec_iterator",
    "internal/specrunner",
    "internal/suite",
    "internal/testingtproxy",
    "internal/writer",
    "reporters",
    "reporters/stenographer",
    "reporters/stenographer/support/go-colorable",
    "reporters/stenographer/support/go-isatty",
    "types",
  ]
  pruneopts = ""
  revision = "fa5fabab2a1bfbd924faf4c067d07ae414e2aedf"
  version = "v1.5.0"

[[projects]]
  digest = "1:ae1d23cbf8c1dfdc3ebffa41f28d31fc7110323596e9247e382c9cc7df4243a9"
  name = "github.com/onsi/gomega"
  packages = [
    ".",
    "format",
    "internal/assertion",
    "internal/asyncassertion",
    "internal/oraclematcher",
    "internal/testingtsupport",
    "matchers",
    "matchers/support/goraph/bipartitegraph",
    "matchers/support/goraph/edge",
    "matchers/support/goraph/node",
    "matchers/support/goraph/util",
    "types",
  ]
  pruneopts = ""
  revision = "62bff4df71bdbc266561a0caee19f0594b17c240"
  version = "v1.4.0"

[[projects]]
  branch = "master"
  digest = "1:1722d50eb7c18db7902d7d14e6a39ecf29fe14a30b9d7a4c1f9a429fcfe5bb64"
  name = "github.com/orcaman/concurrent-map"
  packages = ["."]
  pruneopts = ""
  revision = "a05df785d2dcc16310fb997ee1702100d047cfe1"

[[projects]]
  digest = "1:894aef961c056b6d85d12bac890bf60c44e99b46292888bfa66caf529f804457"
  name = "github.com/pelletier/go-toml"
  packages = ["."]
  pruneopts = ""
  revision = "c01d1270ff3e442a8a57cddc1c92dc1138598194"
  version = "v1.2.0"

[[projects]]
  digest = "1:7365acd48986e205ccb8652cc746f09c8b7876030d53710ea6ef7d0bd0dcd7ca"
  name = "github.com/pkg/errors"
  packages = ["."]
  pruneopts = ""
  revision = "645ef00459ed84a119197bfb8d8205042c6df63d"
  version = "v0.8.0"

[[projects]]
  digest = "1:256484dbbcd271f9ecebc6795b2df8cad4c458dd0f5fd82a8c2fa0c29f233411"
  name = "github.com/pmezard/go-difflib"
  packages = ["difflib"]
  pruneopts = ""
  revision = "792786c7400a136282c1664665ae0a8db921c6c2"
  version = "v1.0.0"

[[projects]]
  branch = "master"
  digest = "1:2cca4fc02c8329dadfc6e831e6feb61845983b434fb3e8a034fe5753295a752d"
  name = "github.com/serenize/snaker"
  packages = ["."]
  pruneopts = ""
  revision = "a683aaf2d516deecd70cad0c72e3ca773ecfcef0"

[[projects]]
  digest = "1:8cf46b6c18a91068d446e26b67512cf16f1540b45d90b28b9533706a127f0ca6"
  name = "github.com/sirupsen/logrus"
  packages = ["."]
  pruneopts = ""
  revision = "c155da19408a8799da419ed3eeb0cb5db0ad5dbc"
  version = "v1.0.5"

[[projects]]
  branch = "master"
  digest = "1:5a8a35c2323f64306651615b855edc31c05c99be7e5d6fb4f3716581ba4e0adf"
  name = "github.com/skip2/go-qrcode"
  packages = [
    ".",
    "bitset",
    "reedsolomon",
  ]
  pruneopts = ""
  revision = "cf5f9fa2f0d847edb8e038db7ed975e239095e1a"

[[projects]]
  digest = "1:c587772fb8ad29ad4db67575dad25ba17a51f072ff18a22b4f0257a4d9c24f75"
  name = "github.com/stretchr/testify"
  packages = ["assert"]
  pruneopts = ""
  revision = "f35b8ab0b5a2cef36673838d662e249dd9c94686"
  version = "v1.2.2"

[[projects]]
  digest = "1:2e7f653483e51243b6cd6de60ce39bde0d6927d10a3c24295ab0f82cb1efeae2"
  name = "github.com/ugorji/go"
  packages = ["codec"]
  pruneopts = ""
  revision = "b4c50a2b199d93b13dc15e78929cfb23bfdf21ab"
  version = "v1.1.1"

[[projects]]
  branch = "master"
  digest = "1:1d5723b1cc92c8c98462214781c0678010e120eaf1fa941779bd12b206a6a719"
  name = "github.com/yuin/gluamapper"
  packages = ["."]
  pruneopts = ""
  revision = "d836955830e75240d46ce9f0e6d148d94f2e1d3a"

[[projects]]
  branch = "master"
  digest = "1:c5918689b7e187382cc1066bf0260de54ba9d1b323105f46ed2551d2fb4a17c7"
  name = "github.com/yuin/gopher-lua"
  packages = [
    ".",
    "ast",
    "parse",
    "pm",
  ]
  pruneopts = ""
  revision = "46796da1b0b4794e1e341883a399f12cc7574b55"

[[projects]]
  branch = "master"
  digest = "1:6ef14be530be39b6b9d75d54ce1d546ae9231e652d9e3eef198cbb19ce8ed3e7"
  name = "golang.org/x/crypto"
  packages = [
    "bcrypt",
    "blowfish",
    "md4",
    "ssh/terminal",
  ]
  pruneopts = ""
  revision = "a49355c7e3f8fe157a85be2f77e6e269a0f89602"

[[projects]]
  branch = "master"
  digest = "1:f71a3964f4cbae7b6422b44bea579b352c3a6c82b1801bc0794f0bc36d0ba10f"
  name = "golang.org/x/net"
  packages = [
    "html",
    "html/atom",
    "html/charset",
    "idna",
    "publicsuffix",
  ]
  pruneopts = ""
  revision = "7d20a46f6beace81a30952deb544117e269111e0"

[[projects]]
  branch = "master"
  digest = "1:26efb515a562ba2f386e4a4cc3067cd5e131353672abc1a3ff28e22cc83232d5"
  name = "golang.org/x/sys"
  packages = [
    "unix",
    "windows",
  ]
  pruneopts = ""
  revision = "151529c776cdc58ddbe7963ba9af779f3577b419"

[[projects]]
  digest = "1:5acd3512b047305d49e8763eef7ba423901e85d5dd2fd1e71778a0ea8de10bd4"
  name = "golang.org/x/text"
  packages = [
    "collate",
    "collate/build",
    "encoding",
    "encoding/charmap",
    "encoding/htmlindex",
    "encoding/internal",
    "encoding/internal/identifier",
    "encoding/japanese",
    "encoding/korean",
    "encoding/simplifiedchinese",
    "encoding/traditionalchinese",
    "encoding/unicode",
    "internal/colltab",
    "internal/gen",
    "internal/tag",
    "internal/triegen",
    "internal/ucd",
    "internal/utf8internal",
    "language",
    "runes",
    "secure/bidirule",
    "transform",
    "unicode/bidi",
    "unicode/cldr",
    "unicode/norm",
    "unicode/rangetable",
  ]
  pruneopts = ""
  revision = "f21a4dfb5e38f5895301dc265a8def02365cc3d0"
  version = "v0.3.0"

[[projects]]
  digest = "1:c1771ca6060335f9768dff6558108bc5ef6c58506821ad43377ee23ff059e472"
  name = "google.golang.org/appengine"
  packages = ["cloudsql"]
  pruneopts = ""
  revision = "b1f26356af11148e710935ed1ac8a7f5702c7612"
  version = "v1.1.0"

[[projects]]
  digest = "1:641dfeab03b0b4229ed215f0c36e553c2d7accf06e62acc1cee48a32270e6a29"
  name = "gopkg.in/bufio.v1"
  packages = ["."]
  pruneopts = ""
  revision = "567b2bfa514e796916c4747494d6ff5132a1dfce"
  version = "v1"

[[projects]]
  digest = "1:dd549e360e5a8f982a28c2bcbe667307ceffe538ed9afc7c965524f1ac285b3f"
  name = "gopkg.in/go-playground/validator.v8"
  packages = ["."]
  pruneopts = ""
  revision = "5f1438d3fca68893a817e4a66806cea46a9e4ebf"
  version = "v8.18.2"

[[projects]]
  digest = "1:e49b424b270bc930aa82b9b081b505d1cdbfc27325cb4cc14ae580fe4445000f"
  name = "gopkg.in/go-playground/validator.v9"
  packages = ["."]
  pruneopts = ""
  revision = "ce9336f6e200cbb2e7c5672b36095b03f8bf5af7"
  version = "v9.19.0"

[[projects]]
  digest = "1:11c58e19ff7ce22740423bb933f1ddca3bf575def40d5ac3437ec12871b1648b"
  name = "gopkg.in/natefinch/lumberjack.v2"
  packages = ["."]
  pruneopts = ""
  revision = "a96e63847dc3c67d17befa69c303767e2f84e54f"
  version = "v2.1"

[[projects]]
  digest = "1:9b63797615b5d6762959c80bd7da93cf5e7a8386acbbeb454186683470db4d41"
  name = "gopkg.in/redis.v2"
  packages = ["."]
  pruneopts = ""
  revision = "e6179049628164864e6e84e973cfb56335748dea"
  version = "v2.3.2"

[[projects]]
  digest = "1:f0620375dd1f6251d9973b5f2596228cc8042e887cd7f827e4220bc1ce8c30e2"
  name = "gopkg.in/yaml.v2"
  packages = ["."]
  pruneopts = ""
  revision = "5420a8b6744d3b0345ab293f6fcba19c978f1183"
  version = "v2.2.1"

[[projects]]
  digest = "1:a918d6be0704f06f742300cba0d4ce3cc6a0a76fa3f1334af4aadede1927d22f"
  name = "layeh.com/gopher-luar"
  packages = ["."]
  pruneopts = ""
  revision = "2518c8179c6de77f760f5a82df43f6f9a8ad8657"
  version = "v1.0.4"

[solve-meta]
  analyzer-name = "dep"
  analyzer-version = 1
  input-imports = [
    "github.com/astaxie/beego/session",
    "github.com/astaxie/beego/session/mysql",
    "github.com/bradfitz/gomemcache/memcache",
    "github.com/casbin/casbin",
    "github.com/casbin/casbin/model",
    "github.com/casbin/casbin/persist",
    "github.com/denisenkom/go-mssqldb",
    "github.com/dgrijalva/jwt-go",
    "github.com/eahydra/gouuid",
    "github.com/erikstmartin/go-testdb",
    "github.com/facebookgo/clock",
    "github.com/facebookgo/ensure",
    "github.com/facebookgo/freeport",
    "github.com/facebookgo/grace/gracehttp",
    "github.com/facebookgo/httpdown",
    "github.com/facebookgo/stats",
    "github.com/gin-gonic/gin",
    "github.com/gin-gonic/gin/binding",
    "github.com/go-sql-driver/mysql",
    "github.com/hanguofeng/config",
    "github.com/hanguofeng/gocaptcha",
    "github.com/json-iterator/go",
    "github.com/json-iterator/go/extra",
    "github.com/lib/pq",
    "github.com/lib/pq/hstore",
    "github.com/mattn/go-sqlite3",
    "github.com/mgutz/ansi",
    "github.com/nicksnyder/go-i18n/i18n",
    "github.com/onsi/ginkgo",
    "github.com/onsi/gomega",
    "github.com/orcaman/concurrent-map",
    "github.com/serenize/snaker",
    "github.com/sirupsen/logrus",
    "github.com/skip2/go-qrcode",
    "github.com/stretchr/testify/assert",
    "github.com/yuin/gluamapper",
    "github.com/yuin/gopher-lua",
    "golang.org/x/crypto/bcrypt",
    "golang.org/x/crypto/ssh/terminal",
    "golang.org/x/net/publicsuffix",
    "gopkg.in/go-playground/validator.v9",
    "gopkg.in/natefinch/lumberjack.v2",
    "gopkg.in/redis.v2",
    "layeh.com/gopher-luar",
  ]
  solver-name = "gps-cdcl"
  solver-version = 1
